github.com/cdvelop/gobuild v0.0.16 h1:gtexUZXgaIWKBmqNhh8W3ybDldf54lWDrhPmmtN/qFQ=
github.com/cdvelop/gobuild v0.0.16/go.mod h1:FR1obeWgvKeZxgkkkBOANgZfu8XCVTQx8rcKSyHuOdM=
github.com/cdvelop/mdgo v0.0.3 h1:j276BvzZ2PQJKllCsa5KwoLD2nMHPNo4Jwr4m6o1eC0=
github.com/cdvelop/mdgo v0.0.3/go.mod h1:PSik5gSjVWrm5d1odtxhPVI0+a7k4ocsUwRUZMjUAe4=
github.com/cdvelop/tinystring v0.10.1 h1:FQDh9zgHH/1t1dMqugQHDyn47nattuOk8k55VteQ9b8=
github.com/cdvelop/tinystring v0.10.1/go.mod h1:v6+hdP7eaOZn9qoaPm4GQnX8cRzUzD2mEjILAkPLkyo=
