github.com/cdvelop/gobuild v0.0.6 h1:iFFD/RdOH1bVorECzO42aH/VoZ6NFpkI+9mZ0Dpbq48=
github.com/cdvelop/gobuild v0.0.6/go.mod h1:FR1obeWgvKeZxgkkkBOANgZfu8XCVTQx8rcKSyHuOdM=
github.com/cdvelop/tinystring v0.1.60 h1:B62fFOf0FzZEsGR3oykehR0wLi2a+snd7HM7R4k6Qek=
github.com/cdvelop/tinystring v0.1.60/go.mod h1:85ltrACJtjf1Zu/o8kqwHGKAiN0oBwb+TR2tkXdURJo=
